// !$*UTF8*$!
{
	archiveVersion = 1;
	classes = {
	};
	objectVersion = 55;
	objects = {

/* Begin PBXBuildFile section */
		37F3F70029873258008B8205 /* AppDelegate.swift in Sources */ = {isa = PBXBuildFile; fileRef = 37F3F6FF29873258008B8205 /* AppDelegate.swift */; };
		37F3F70229873258008B8205 /* SceneDelegate.swift in Sources */ = {isa = PBXBuildFile; fileRef = 37F3F70129873258008B8205 /* SceneDelegate.swift */; };
		37F3F70429873258008B8205 /* ViewController.swift in Sources */ = {isa = PBXBuildFile; fileRef = 37F3F70329873258008B8205 /* ViewController.swift */; };
		37F3F70729873258008B8205 /* Main.storyboard in Resources */ = {isa = PBXBuildFile; fileRef = 37F3F70529873258008B8205 /* Main.storyboard */; };
		37F3F70929873263008B8205 /* Assets.xcassets in Resources */ = {isa = PBXBuildFile; fileRef = 37F3F70829873263008B8205 /* Assets.xcassets */; };
		37F3F70C29873263008B8205 /* LaunchScreen.storyboard in Resources */ = {isa = PBXBuildFile; fileRef = 37F3F70A29873263008B8205 /* LaunchScreen.storyboard */; };
		37F3F71729873264008B8205 /* Palavelli_Assignment01Tests.swift in Sources */ = {isa = PBXBuildFile; fileRef = 37F3F71629873264008B8205 /* Palavelli_Assignment01Tests.swift */; };
		37F3F72129873264008B8205 /* Palavelli_Assignment01UITests.swift in Sources */ = {isa = PBXBuildFile; fileRef = 37F3F72029873264008B8205 /* Palavelli_Assignment01UITests.swift */; };
		37F3F72329873264008B8205 /* Palavelli_Assignment01UITestsLaunchTests.swift in Sources */ = {isa = PBXBuildFile; fileRef = 37F3F72229873264008B8205 /* Palavelli_Assignment01UITestsLaunchTests.swift */; };
/* End PBXBuildFile section */

/* Begin PBXContainerItemProxy section */
		37F3F71329873264008B8205 /* PBXContainerItemProxy */ = {
			isa = PBXContainerItemProxy;
			containerPortal = 37F3F6F429873257008B8205 /* Project object */;
			proxyType = 1;
			remoteGlobalIDString = 37F3F6FB29873257008B8205;
			remoteInfo = Palavelli_Assignment01;
		};
		37F3F71D29873264008B8205 /* PBXContainerItemProxy */ = {
			isa = PBXContainerItemProxy;
			containerPortal = 37F3F6F429873257008B8205 /* Project object */;
			proxyType = 1;
			remoteGlobalIDString = 37F3F6FB29873257008B8205;
			remoteInfo = Palavelli_Assignment01;
		};
/* End PBXContainerItemProxy section */

/* Begin PBXFileReference section */
		37F3F6FC29873258008B8205 /* Palavelli_Assignment01.app */ = {isa = PBXFileReference; explicitFileType = wrapper.application; includeInIndex = 0; path = Palavelli_Assignment01.app; sourceTree = BUILT_PRODUCTS_DIR; };
		37F3F6FF29873258008B8205 /* AppDelegate.swift */ = {isa = PBXFileReference; lastKnownFileType = sourcecode.swift; path = AppDelegate.swift; sourceTree = "<group>"; };
		37F3F70129873258008B8205 /* SceneDelegate.swift */ = {isa = PBXFileReference; lastKnownFileType = sourcecode.swift; path = SceneDelegate.swift; sourceTree = "<group>"; };
		37F3F70329873258008B8205 /* ViewController.swift */ = {isa = PBXFileReference; lastKnownFileType = sourcecode.swift; path = ViewController.swift; sourceTree = "<group>"; };
		37F3F70629873258008B8205 /* Base */ = {isa = PBXFileReference; lastKnownFileType = file.storyboard; name = Base; path = Base.lproj/Main.storyboard; sourceTree = "<group>"; };
		37F3F70829873263008B8205 /* Assets.xcassets */ = {isa = PBXFileReference; lastKnownFileType = folder.assetcatalog; path = Assets.xcassets; sourceTree = "<group>"; };
		37F3F70B29873263008B8205 /* Base */ = {isa = PBXFileReference; lastKnownFileType = file.storyboard; name = Base; path = Base.lproj/LaunchScreen.storyboard; sourceTree = "<group>"; };
		37F3F70D29873263008B8205 /* Info.plist */ = {isa = PBXFileReference; lastKnownFileType = text.plist.xml; path = Info.plist; sourceTree = "<group>"; };
		37F3F71229873264008B8205 /* Palavelli_Assignment01Tests.xctest */ = {isa = PBXFileReference; explicitFileType = wrapper.cfbundle; includeInIndex = 0; path = Palavelli_Assignment01Tests.xctest; sourceTree = BUILT_PRODUCTS_DIR; };
		37F3F71629873264008B8205 /* Palavelli_Assignment01Tests.swift */ = {isa = PBXFileReference; lastKnownFileType = sourcecode.swift; path = Palavelli_Assignment01Tests.swift; sourceTree = "<group>"; };
		37F3F71C29873264008B8205 /* Palavelli_Assignment01UITests.xctest */ = {isa = PBXFileReference; explicitFileType = wrapper.cfbundle; includeInIndex = 0; path = Palavelli_Assignment01UITests.xctest; sourceTree = BUILT_PRODUCTS_DIR; };
		37F3F72029873264008B8205 /* Palavelli_Assignment01UITests.swift */ = {isa = PBXFileReference; lastKnownFileType = sourcecode.swift; path = Palavelli_Assignment01UITests.swift; sourceTree = "<group>"; };
		37F3F72229873264008B8205 /* Palavelli_Assignment01UITestsLaunchTests.swift */ = {isa = PBXFileReference; lastKnownFileType = sourcecode.swift; path = Palavelli_Assignment01UITestsLaunchTests.swift; sourceTree = "<group>"; };
/* End PBXFileReference section */

/* Begin PBXFrameworksBuildPhase section */
		37F3F6F929873257008B8205 /* Frameworks */ = {
			isa = PBXFrameworksBuildPhase;
			buildActionMask = 2147483647;
			files = (
			);
			runOnlyForDeploymentPostprocessing = 0;
		};
		37F3F70F29873264008B8205 /* Frameworks */ = {
			isa = PBXFrameworksBuildPhase;
			buildActionMask = 2147483647;
			files = (
			);
			runOnlyForDeploymentPostprocessing = 0;
		};
		37F3F71929873264008B8205 /* Frameworks */ = {
			isa = PBXFrameworksBuildPhase;
			buildActionMask = 2147483647;
			files = (
			);
			runOnlyForDeploymentPostprocessing = 0;
		};
/* End PBXFrameworksBuildPhase section */

/* Begin PBXGroup section */
		37F3F6F329873257008B8205 = {
			isa = PBXGroup;
			children = (
				37F3F6FE29873258008B8205 /* Palavelli_Assignment01 */,
				37F3F71529873264008B8205 /* Palavelli_Assignment01Tests */,
				37F3F71F29873264008B8205 /* Palavelli_Assignment01UITests */,
				37F3F6FD29873258008B8205 /* Products */,
			);
			sourceTree = "<group>";
		};
		37F3F6FD29873258008B8205 /* Products */ = {
			isa = PBXGroup;
			children = (
				37F3F6FC29873258008B8205 /* Palavelli_Assignment01.app */,
				37F3F71229873264008B8205 /* Palavelli_Assignment01Tests.xctest */,
				37F3F71C29873264008B8205 /* Palavelli_Assignment01UITests.xctest */,
			);
			name = Products;
			sourceTree = "<group>";
		};
		37F3F6FE29873258008B8205 /* Palavelli_Assignment01 */ = {
			isa = PBXGroup;
			children = (
				37F3F6FF29873258008B8205 /* AppDelegate.swift */,
				37F3F70129873258008B8205 /* SceneDelegate.swift */,
				37F3F70329873258008B8205 /* ViewController.swift */,
				37F3F70529873258008B8205 /* Main.storyboard */,
				37F3F70829873263008B8205 /* Assets.xcassets */,
				37F3F70A29873263008B8205 /* LaunchScreen.storyboard */,
				37F3F70D29873263008B8205 /* Info.plist */,
			);
			path = Palavelli_Assignment01;
			sourceTree = "<group>";
		};
		37F3F71529873264008B8205 /* Palavelli_Assignment01Tests */ = {
			isa = PBXGroup;
			children = (
				37F3F71629873264008B8205 /* Palavelli_Assignment01Tests.swift */,
			);
			path = Palavelli_Assignment01Tests;
			sourceTree = "<group>";
		};
		37F3F71F29873264008B8205 /* Palavelli_Assignment01UITests */ = {
			isa = PBXGroup;
			children = (
				37F3F72029873264008B8205 /* Palavelli_Assignment01UITests.swift */,
				37F3F72229873264008B8205 /* Palavelli_Assignment01UITestsLaunchTests.swift */,
			);
			path = Palavelli_Assignment01UITests;
			sourceTree = "<group>";
		};
/* End PBXGroup section */

/* Begin PBXNativeTarget section */
		37F3F6FB29873257008B8205 /* Palavelli_Assignment01 */ = {
			isa = PBXNativeTarget;
			buildConfigurationList = 37F3F72629873264008B8205 /* Build configuration list for PBXNativeTarget "Palavelli_Assignment01" */;
			buildPhases = (
				37F3F6F829873257008B8205 /* Sources */,
				37F3F6F929873257008B8205 /* Frameworks */,
				37F3F6FA29873257008B8205 /* Resources */,
			);
			buildRules = (
			);
			dependencies = (
			);
			name = Palavelli_Assignment01;
			productName = Palavelli_Assignment01;
			productReference = 37F3F6FC29873258008B8205 /* Palavelli_Assignment01.app */;
			productType = "com.apple.product-type.application";
		};
		37F3F71129873264008B8205 /* Palavelli_Assignment01Tests */ = {
			isa = PBXNativeTarget;
			buildConfigurationList = 37F3F72929873264008B8205 /* Build configuration list for PBXNativeTarget "Palavelli_Assignment01Tests" */;
			buildPhases = (
				37F3F70E29873264008B8205 /* Sources */,
				37F3F70F29873264008B8205 /* Frameworks */,
				37F3F71029873264008B8205 /* Resources */,
			);
			buildRules = (
			);
			dependencies = (
				37F3F71429873264008B8205 /* PBXTargetDependency */,
			);
			name = Palavelli_Assignment01Tests;
			productName = Palavelli_Assignment01Tests;
			productReference = 37F3F71229873264008B8205 /* Palavelli_Assignment01Tests.xctest */;
			productType = "com.apple.product-type.bundle.unit-test";
		};
		37F3F71B29873264008B8205 /* Palavelli_Assignment01UITests */ = {
			isa = PBXNativeTarget;
			buildConfigurationList = 37F3F72C29873264008B8205 /* Build configuration list for PBXNativeTarget "Palavelli_Assignment01UITests" */;
			buildPhases = (
				37F3F71829873264008B8205 /* Sources */,
				37F3F71929873264008B8205 /* Frameworks */,
				37F3F71A29873264008B8205 /* Resources */,
			);
			buildRules = (
			);
			dependencies = (
				37F3F71E29873264008B8205 /* PBXTargetDependency */,
			);
			name = Palavelli_Assignment01UITests;
			productName = Palavelli_Assignment01UITests;
			productReference = 37F3F71C29873264008B8205 /* Palavelli_Assignment01UITests.xctest */;
			productType = "com.apple.product-type.bundle.ui-testing";
		};
/* End PBXNativeTarget section */

/* Begin PBXProject section */
		37F3F6F429873257008B8205 /* Project object */ = {
			isa = PBXProject;
			attributes = {
				BuildIndependentTargetsInParallel = 1;
				LastSwiftUpdateCheck = 1340;
				LastUpgradeCheck = 1340;
				TargetAttributes = {
					37F3F6FB29873257008B8205 = {
						CreatedOnToolsVersion = 13.4.1;
					};
					37F3F71129873264008B8205 = {
						CreatedOnToolsVersion = 13.4.1;
						TestTargetID = 37F3F6FB29873257008B8205;
					};
					37F3F71B29873264008B8205 = {
						CreatedOnToolsVersion = 13.4.1;
						TestTargetID = 37F3F6FB29873257008B8205;
					};
				};
			};
			buildConfigurationList = 37F3F6F729873257008B8205 /* Build configuration list for PBXProject "Palavelli_Assignment01" */;
			compatibilityVersion = "Xcode 13.0";
			developmentRegion = en;
			hasScannedForEncodings = 0;
			knownRegions = (
				en,
				Base,
			);
			mainGroup = 37F3F6F329873257008B8205;
			productRefGroup = 37F3F6FD29873258008B8205 /* Products */;
			projectDirPath = "";
			projectRoot = "";
			targets = (
				37F3F6FB29873257008B8205 /* Palavelli_Assignment01 */,
				37F3F71129873264008B8205 /* Palavelli_Assignment01Tests */,
				37F3F71B29873264008B8205 /* Palavelli_Assignment01UITests */,
			);
		};
/* End PBXProject section */

/* Begin PBXResourcesBuildPhase section */
		37F3F6FA29873257008B8205 /* Resources */ = {
			isa = PBXResourcesBuildPhase;
			buildActionMask = 2147483647;
			files = (
				37F3F70C29873263008B8205 /* LaunchScreen.storyboard in Resources */,
				37F3F70929873263008B8205 /* Assets.xcassets in Resources */,
				37F3F70729873258008B8205 /* Main.storyboard in Resources */,
			);
			runOnlyForDeploymentPostprocessing = 0;
		};
		37F3F71029873264008B8205 /* Resources */ = {
			isa = PBXResourcesBuildPhase;
			buildActionMask = 2147483647;
			files = (
			);
			runOnlyForDeploymentPostprocessing = 0;
		};
		37F3F71A29873264008B8205 /* Resources */ = {
			isa = PBXResourcesBuildPhase;
			buildActionMask = 2147483647;
			files = (
			);
			runOnlyForDeploymentPostprocessing = 0;
		};
/* End PBXResourcesBuildPhase section */

/* Begin PBXSourcesBuildPhase section */
		37F3F6F829873257008B8205 /* Sources */ = {
			isa = PBXSourcesBuildPhase;
			buildActionMask = 2147483647;
			files = (
				37F3F70429873258008B8205 /* ViewController.swift in Sources */,
				37F3F70029873258008B8205 /* AppDelegate.swift in Sources */,
				37F3F70229873258008B8205 /* SceneDelegate.swift in Sources */,
			);
			runOnlyForDeploymentPostprocessing = 0;
		};
		37F3F70E29873264008B8205 /* Sources */ = {
			isa = PBXSourcesBuildPhase;
			buildActionMask = 2147483647;
			files = (
				37F3F71729873264008B8205 /* Palavelli_Assignment01Tests.swift in Sources */,
			);
			runOnlyForDeploymentPostprocessing = 0;
		};
		37F3F71829873264008B8205 /* Sources */ = {
			isa = PBXSourcesBuildPhase;
			buildActionMask = 2147483647;
			files = (
				37F3F72129873264008B8205 /* Palavelli_Assignment01UITests.swift in Sources */,
				37F3F72329873264008B8205 /* Palavelli_Assignment01UITestsLaunchTests.swift in Sources */,
			);
			runOnlyForDeploymentPostprocessing = 0;
		};
/* End PBXSourcesBuildPhase section */

/* Begin PBXTargetDependency section */
		37F3F71429873264008B8205 /* PBXTargetDependency */ = {
			isa = PBXTargetDependency;
			target = 37F3F6FB29873257008B8205 /* Palavelli_Assignment01 */;
			targetProxy = 37F3F71329873264008B8205 /* PBXContainerItemProxy */;
		};
		37F3F71E29873264008B8205 /* PBXTargetDependency */ = {
			isa = PBXTargetDependency;
			target = 37F3F6FB29873257008B8205 /* Palavelli_Assignment01 */;
			targetProxy = 37F3F71D29873264008B8205 /* PBXContainerItemProxy */;
		};
/* End PBXTargetDependency section */

/* Begin PBXVariantGroup section */
		37F3F70529873258008B8205 /* Main.storyboard */ = {
			isa = PBXVariantGroup;
			children = (
				37F3F70629873258008B8205 /* Base */,
			);
			name = Main.storyboard;
			sourceTree = "<group>";
		};
		37F3F70A29873263008B8205 /* LaunchScreen.storyboard */ = {
			isa = PBXVariantGroup;
			children = (
				37F3F70B29873263008B8205 /* Base */,
			);
			name = LaunchScreen.storyboard;
			sourceTree = "<group>";
		};
/* End PBXVariantGroup section */

/* Begin XCBuildConfiguration section */
		37F3F72429873264008B8205 /* Debug */ = {
			isa = XCBuildConfiguration;
			buildSettings = {
				ALWAYS_SEARCH_USER_PATHS = NO;
				CLANG_ANALYZER_NONNULL = YES;
				CLANG_ANALYZER_NUMBER_OBJECT_CONVERSION = YES_AGGRESSIVE;
				CLANG_CXX_LANGUAGE_STANDARD = "gnu++17";
				CLANG_ENABLE_MODULES = YES;
				CLANG_ENABLE_OBJC_ARC = YES;
				CLANG_ENABLE_OBJC_WEAK = YES;
				CLANG_WARN_BLOCK_CAPTURE_AUTORELEASING = YES;
				CLANG_WARN_BOOL_CONVERSION = YES;
				CLANG_WARN_COMMA = YES;
				CLANG_WARN_CONSTANT_CONVERSION = YES;
				CLANG_WARN_DEPRECATED_OBJC_IMPLEMENTATIONS = YES;
				CLANG_WARN_DIRECT_OBJC_ISA_USAGE = YES_ERROR;
				CLANG_WARN_DOCUMENTATION_COMMENTS = YES;
				CLANG_WARN_EMPTY_BODY = YES;
				CLANG_WARN_ENUM_CONVERSION = YES;
				CLANG_WARN_INFINITE_RECURSION = YES;
				CLANG_WARN_INT_CONVERSION = YES;
				CLANG_WARN_NON_LITERAL_NULL_CONVERSION = YES;
				CLANG_WARN_OBJC_IMPLICIT_RETAIN_SELF = YES;
				CLANG_WARN_OBJC_LITERAL_CONVERSION = YES;
				CLANG_WARN_OBJC_ROOT_CLASS = YES_ERROR;
				CLANG_WARN_QUOTED_INCLUDE_IN_FRAMEWORK_HEADER = YES;
				CLANG_WARN_RANGE_LOOP_ANALYSIS = YES;
				CLANG_WARN_STRICT_PROTOTYPES = YES;
				CLANG_WARN_SUSPICIOUS_MOVE = YES;
				CLANG_WARN_UNGUARDED_AVAILABILITY = YES_AGGRESSIVE;
				CLANG_WARN_UNREACHABLE_CODE = YES;
				CLANG_WARN__DUPLICATE_METHOD_MATCH = YES;
				COPY_PHASE_STRIP = NO;
				DEBUG_INFORMATION_FORMAT = dwarf;
				ENABLE_STRICT_OBJC_MSGSEND = YES;
				ENABLE_TESTABILITY = YES;
				GCC_C_LANGUAGE_STANDARD = gnu11;
				GCC_DYNAMIC_NO_PIC = NO;
				GCC_NO_COMMON_BLOCKS = YES;
				GCC_OPTIMIZATION_LEVEL = 0;
				GCC_PREPROCESSOR_DEFINITIONS = (
					"DEBUG=1",
					"$(inherited)",
				);
				GCC_WARN_64_TO_32_BIT_CONVERSION = YES;
				GCC_WARN_ABOUT_RETURN_TYPE = YES_ERROR;
				GCC_WARN_UNDECLARED_SELECTOR = YES;
				GCC_WARN_UNINITIALIZED_AUTOS = YES_AGGRESSIVE;
				GCC_WARN_UNUSED_FUNCTION = YES;
				GCC_WARN_UNUSED_VARIABLE = YES;
				IPHONEOS_DEPLOYMENT_TARGET = 15.5;
				MTL_ENABLE_DEBUG_INFO = INCLUDE_SOURCE;
				MTL_FAST_MATH = YES;
				ONLY_ACTIVE_ARCH = YES;
				SDKROOT = iphoneos;
				SWIFT_ACTIVE_COMPILATION_CONDITIONS = DEBUG;
				SWIFT_OPTIMIZATION_LEVEL = "-Onone";
			};
			name = Debug;
		};
		37F3F72529873264008B8205 /* Release */ = {
			isa = XCBuildConfiguration;
			buildSettings = {
				ALWAYS_SEARCH_USER_PATHS = NO;
				CLANG_ANALYZER_NONNULL = YES;
				CLANG_ANALYZER_NUMBER_OBJECT_CONVERSION = YES_AGGRESSIVE;
				CLANG_CXX_LANGUAGE_STANDARD = "gnu++17";
				CLANG_ENABLE_MODULES = YES;
				CLANG_ENABLE_OBJC_ARC = YES;
				CLANG_ENABLE_OBJC_WEAK = YES;
				CLANG_WARN_BLOCK_CAPTURE_AUTORELEASING = YES;
				CLANG_WARN_BOOL_CONVERSION = YES;
				CLANG_WARN_COMMA = YES;
				CLANG_WARN_CONSTANT_CONVERSION = YES;
				CLANG_WARN_DEPRECATED_OBJC_IMPLEMENTATIONS = YES;
				CLANG_WARN_DIRECT_OBJC_ISA_USAGE = YES_ERROR;
				CLANG_WARN_DOCUMENTATION_COMMENTS = YES;
				CLANG_WARN_EMPTY_BODY = YES;
				CLANG_WARN_ENUM_CONVERSION = YES;
				CLANG_WARN_INFINITE_RECURSION = YES;
				CLANG_WARN_INT_CONVERSION = YES;
				CLANG_WARN_NON_LITERAL_NULL_CONVERSION = YES;
				CLANG_WARN_OBJC_IMPLICIT_RETAIN_SELF = YES;
				CLANG_WARN_OBJC_LITERAL_CONVERSION = YES;
				CLANG_WARN_OBJC_ROOT_CLASS = YES_ERROR;
				CLANG_WARN_QUOTED_INCLUDE_IN_FRAMEWORK_HEADER = YES;
				CLANG_WARN_RANGE_LOOP_ANALYSIS = YES;
				CLANG_WARN_STRICT_PROTOTYPES = YES;
				CLANG_WARN_SUSPICIOUS_MOVE = YES;
				CLANG_WARN_UNGUARDED_AVAILABILITY = YES_AGGRESSIVE;
				CLANG_WARN_UNREACHABLE_CODE = YES;
				CLANG_WARN__DUPLICATE_METHOD_MATCH = YES;
				COPY_PHASE_STRIP = NO;
				DEBUG_INFORMATION_FORMAT = "dwarf-with-dsym";
				ENABLE_NS_ASSERTIONS = NO;
				ENABLE_STRICT_OBJC_MSGSEND = YES;
				GCC_C_LANGUAGE_STANDARD = gnu11;
				GCC_NO_COMMON_BLOCKS = YES;
				GCC_WARN_64_TO_32_BIT_CONVERSION = YES;
				GCC_WARN_ABOUT_RETURN_TYPE = YES_ERROR;
				GCC_WARN_UNDECLARED_SELECTOR = YES;
				GCC_WARN_UNINITIALIZED_AUTOS = YES_AGGRESSIVE;
				GCC_WARN_UNUSED_FUNCTION = YES;
				GCC_WARN_UNUSED_VARIABLE = YES;
				IPHONEOS_DEPLOYMENT_TARGET = 15.5;
				MTL_ENABLE_DEBUG_INFO = NO;
				MTL_FAST_MATH = YES;
				SDKROOT = iphoneos;
				SWIFT_COMPILATION_MODE = wholemodule;
				SWIFT_OPTIMIZATION_LEVEL = "-O";
				VALIDATE_PRODUCT = YES;
			};
			name = Release;
		};
		37F3F72729873264008B8205 /* Debug */ = {
			isa = XCBuildConfiguration;
			buildSettings = {
				ASSETCATALOG_COMPILER_APPICON_NAME = AppIcon;
				ASSETCATALOG_COMPILER_GLOBAL_ACCENT_COLOR_NAME = AccentColor;
				CODE_SIGN_STYLE = Automatic;
				CURRENT_PROJECT_VERSION = 1;
				GENERATE_INFOPLIST_FILE = YES;
				INFOPLIST_FILE = Palavelli_Assignment01/Info.plist;
				INFOPLIST_KEY_UIApplicationSupportsIndirectInputEvents = YES;
				INFOPLIST_KEY_UILaunchStoryboardName = LaunchScreen;
				INFOPLIST_KEY_UIMainStoryboardFile = Main;
				INFOPLIST_KEY_UISupportedInterfaceOrientations = "UIInterfaceOrientationPortrait UIInterfaceOrientationLandscapeLeft";
				INFOPLIST_KEY_UISupportedInterfaceOrientations_iPad = "UIInterfaceOrientationPortrait UIInterfaceOrientationPortraitUpsideDown UIInterfaceOrientationLandscapeLeft UIInterfaceOrientationLandscapeRight";
				INFOPLIST_KEY_UISupportedInterfaceOrientations_iPhone = "UIInterfaceOrientationPortrait UIInterfaceOrientationLandscapeLeft UIInterfaceOrientationLandscapeRight";
				IPHONEOS_DEPLOYMENT_TARGET = 15.0;
				LD_RUNPATH_SEARCH_PATHS = (
					"$(inherited)",
					"@executable_path/Frameworks",
				);
				MARKETING_VERSION = 1.0;
				PRODUCT_BUNDLE_IDENTIFIER = "nwmsu.Palavelli-Assignment01";
				PRODUCT_NAME = "$(TARGET_NAME)";
				SWIFT_EMIT_LOC_STRINGS = YES;
				SWIFT_VERSION = 5.0;
				TARGETED_DEVICE_FAMILY = "1,2";
			};
			name = Debug;
		};
		37F3F72829873264008B8205 /* Release */ = {
			isa = XCBuildConfiguration;
			buildSettings = {
				ASSETCATALOG_COMPILER_APPICON_NAME = AppIcon;
				ASSETCATALOG_COMPILER_GLOBAL_ACCENT_COLOR_NAME = AccentColor;
				CODE_SIGN_STYLE = Automatic;
				CURRENT_PROJECT_VERSION = 1;
				GENERATE_INFOPLIST_FILE = YES;
				INFOPLIST_FILE = Palavelli_Assignment01/Info.plist;
				INFOPLIST_KEY_UIApplicationSupportsIndirectInputEvents = YES;
				INFOPLIST_KEY_UILaunchStoryboardName = LaunchScreen;
				INFOPLIST_KEY_UIMainStoryboardFile = Main;
				INFOPLIST_KEY_UISupportedInterfaceOrientations = "UIInterfaceOrientationPortrait UIInterfaceOrientationLandscapeLeft";
				INFOPLIST_KEY_UISupportedInterfaceOrientations_iPad = "UIInterfaceOrientationPortrait UIInterfaceOrientationPortraitUpsideDown UIInterfaceOrientationLandscapeLeft UIInterfaceOrientationLandscapeRight";
				INFOPLIST_KEY_UISupportedInterfaceOrientations_iPhone = "UIInterfaceOrientationPortrait UIInterfaceOrientationLandscapeLeft UIInterfaceOrientationLandscapeRight";
				IPHONEOS_DEPLOYMENT_TARGET = 15.0;
				LD_RUNPATH_SEARCH_PATHS = (
					"$(inherited)",
					"@executable_path/Frameworks",
				);
				MARKETING_VERSION = 1.0;
				PRODUCT_BUNDLE_IDENTIFIER = "nwmsu.Palavelli-Assignment01";
				PRODUCT_NAME = "$(TARGET_NAME)";
				SWIFT_EMIT_LOC_STRINGS = YES;
				SWIFT_VERSION = 5.0;
				TARGETED_DEVICE_FAMILY = "1,2";
			};
			name = Release;
		};
		37F3F72A29873264008B8205 /* Debug */ = {
			isa = XCBuildConfiguration;
			buildSettings = {
				ALWAYS_EMBED_SWIFT_STANDARD_LIBRARIES = YES;
				BUNDLE_LOADER = "$(TEST_HOST)";
				CODE_SIGN_STYLE = Automatic;
				CURRENT_PROJECT_VERSION = 1;
				GENERATE_INFOPLIST_FILE = YES;
				IPHONEOS_DEPLOYMENT_TARGET = 15.5;
				MARKETING_VERSION = 1.0;
				PRODUCT_BUNDLE_IDENTIFIER = "nwmsu.Palavelli-Assignment01Tests";
				PRODUCT_NAME = "$(TARGET_NAME)";
				SWIFT_EMIT_LOC_STRINGS = NO;
				SWIFT_VERSION = 5.0;
				TARGETED_DEVICE_FAMILY = "1,2";
				TEST_HOST = "$(BUILT_PRODUCTS_DIR)/Palavelli_Assignment01.app/Palavelli_Assignment01";
			};
			name = Debug;
		};
		37F3F72B29873264008B8205 /* Release */ = {
			isa = XCBuildConfiguration;
			buildSettings = {
				ALWAYS_EMBED_SWIFT_STANDARD_LIBRARIES = YES;
				BUNDLE_LOADER = "$(TEST_HOST)";
				CODE_SIGN_STYLE = Automatic;
				CURRENT_PROJECT_VERSION = 1;
				GENERATE_INFOPLIST_FILE = YES;
				IPHONEOS_DEPLOYMENT_TARGET = 15.5;
				MARKETING_VERSION = 1.0;
				PRODUCT_BUNDLE_IDENTIFIER = "nwmsu.Palavelli-Assignment01Tests";
				PRODUCT_NAME = "$(TARGET_NAME)";
				SWIFT_EMIT_LOC_STRINGS = NO;
				SWIFT_VERSION = 5.0;
				TARGETED_DEVICE_FAMILY = "1,2";
				TEST_HOST = "$(BUILT_PRODUCTS_DIR)/Palavelli_Assignment01.app/Palavelli_Assignment01";
			};
			name = Release;
		};
		37F3F72D29873264008B8205 /* Debug */ = {
			isa = XCBuildConfiguration;
			buildSettings = {
				ALWAYS_EMBED_SWIFT_STANDARD_LIBRARIES = YES;
				CODE_SIGN_STYLE = Automatic;
				CURRENT_PROJECT_VERSION = 1;
				GENERATE_INFOPLIST_FILE = YES;
				MARKETING_VERSION = 1.0;
				PRODUCT_BUNDLE_IDENTIFIER = "nwmsu.Palavelli-Assignment01UITests";
				PRODUCT_NAME = "$(TARGET_NAME)";
				SWIFT_EMIT_LOC_STRINGS = NO;
				SWIFT_VERSION = 5.0;
				TARGETED_DEVICE_FAMILY = "1,2";
				TEST_TARGET_NAME = Palavelli_Assignment01;
			};
			name = Debug;
		};
		37F3F72E29873264008B8205 /* Release */ = {
			isa = XCBuildConfiguration;
			buildSettings = {
				ALWAYS_EMBED_SWIFT_STANDARD_LIBRARIES = YES;
				CODE_SIGN_STYLE = Automatic;
				CURRENT_PROJECT_VERSION = 1;
				GENERATE_INFOPLIST_FILE = YES;
				MARKETING_VERSION = 1.0;
				PRODUCT_BUNDLE_IDENTIFIER = "nwmsu.Palavelli-Assignment01UITests";
				PRODUCT_NAME = "$(TARGET_NAME)";
				SWIFT_EMIT_LOC_STRINGS = NO;
				SWIFT_VERSION = 5.0;
				TARGETED_DEVICE_FAMILY = "1,2";
				TEST_TARGET_NAME = Palavelli_Assignment01;
			};
			name = Release;
		};
/* End XCBuildConfiguration section */

/* Begin XCConfigurationList section */
		37F3F6F729873257008B8205 /* Build configuration list for PBXProject "Palavelli_Assignment01" */ = {
			isa = XCConfigurationList;
			buildConfigurations = (
				37F3F72429873264008B8205 /* Debug */,
				37F3F72529873264008B8205 /* Release */,
			);
			defaultConfigurationIsVisible = 0;
			defaultConfigurationName = Release;
		};
		37F3F72629873264008B8205 /* Build configuration list for PBXNativeTarget "Palavelli_Assignment01" */ = {
			isa = XCConfigurationList;
			buildConfigurations = (
				37F3F72729873264008B8205 /* Debug */,
				37F3F72829873264008B8205 /* Release */,
			);
			defaultConfigurationIsVisible = 0;
			defaultConfigurationName = Release;
		};
		37F3F72929873264008B8205 /* Build configuration list for PBXNativeTarget "Palavelli_Assignment01Tests" */ = {
			isa = XCConfigurationList;
			buildConfigurations = (
				37F3F72A29873264008B8205 /* Debug */,
				37F3F72B29873264008B8205 /* Release */,
			);
			defaultConfigurationIsVisible = 0;
			defaultConfigurationName = Release;
		};
		37F3F72C29873264008B8205 /* Build configuration list for PBXNativeTarget "Palavelli_Assignment01UITests" */ = {
			isa = XCConfigurationList;
			buildConfigurations = (
				37F3F72D29873264008B8205 /* Debug */,
				37F3F72E29873264008B8205 /* Release */,
			);
			defaultConfigurationIsVisible = 0;
			defaultConfigurationName = Release;
		};
/* End XCConfigurationList section */
	};
	rootObject = 37F3F6F429873257008B8205 /* Project object */;
}
